Microsoft Visual Studio Solution File, Format Version 11.00
# Visual Studio 2010
Project("{FAE04EC0-301F-11D3-BF4B-00C04F79EFBC}") = "Care Me", "Assembly-CSharp.csproj", "{CF18A14A-6880-DB8A-48E9-425E76E05480}"
EndProject
Project("{FAE04EC0-301F-11D3-BF4B-00C04F79EFBC}") = "Care Me", "Assembly-CSharp-Editor-firstpass.csproj", "{8DE9286A-1CB2-4D5A-8748-C6A7EE012C62}"
EndProject
Global
	GlobalSection(SolutionConfigurationPlatforms) = preSolution
		Debug|Any CPU = Debug|Any CPU
		Release|Any CPU = Release|Any CPU
	EndGlobalSection
	GlobalSection(ProjectConfigurationPlatforms) = postSolution
		{CF18A14A-6880-DB8A-48E9-425E76E05480}.Debug|Any CPU.ActiveCfg = Debug|Any CPU
		{CF18A14A-6880-DB8A-48E9-425E76E05480}.Debug|Any CPU.Build.0 = Debug|Any CPU
		{CF18A14A-6880-DB8A-48E9-425E76E05480}.Release|Any CPU.ActiveCfg = Release|Any CPU
		{CF18A14A-6880-DB8A-48E9-425E76E05480}.Release|Any CPU.Build.0 = Release|Any CPU
		{8DE9286A-1CB2-4D5A-8748-C6A7EE012C62}.Debug|Any CPU.ActiveCfg = Debug|Any CPU
		{8DE9286A-1CB2-4D5A-8748-C6A7EE012C62}.Debug|Any CPU.Build.0 = Debug|Any CPU
		{8DE9286A-1CB2-4D5A-8748-C6A7EE012C62}.Release|Any CPU.ActiveCfg = Release|Any CPU
		{8DE9286A-1CB2-4D5A-8748-C6A7EE012C62}.Release|Any CPU.Build.0 = Release|Any CPU
	EndGlobalSection
	GlobalSection(MonoDevelopProperties) = preSolution
		StartupItem = Assembly-CSharp.csproj
	EndGlobalSection
EndGlobal
